
Microsoft Visual Studio Solution File, Format Version 12.00
# Visual Studio Version 17
VisualStudioVersion = 17.9.34723.18
MinimumVisualStudioVersion = 10.0.40219.1
Project("{9A19103F-16F7-4668-BE54-9A1E7A4F7556}") = "SOLUDIAMAGHREB", "SOLUDIAMAGHREB\SOLUDIAMAGHREB.csproj", "{026749C4-22E3-4112-AACB-8366C6E71E2A}"
EndProject
Global
	GlobalSection(SolutionConfigurationPlatforms) = preSolution
		Debug|Any CPU = Debug|Any CPU
		Release|Any CPU = Release|Any CPU
	EndGlobalSection
	GlobalSection(ProjectConfigurationPlatforms) = postSolution
		{026749C4-22E3-4112-AACB-8366C6E71E2A}.Debug|Any CPU.ActiveCfg = Debug|Any CPU
		{026749C4-22E3-4112-AACB-8366C6E71E2A}.Debug|Any CPU.Build.0 = Debug|Any CPU
		{026749C4-22E3-4112-AACB-8366C6E71E2A}.Release|Any CPU.ActiveCfg = Release|Any CPU
		{026749C4-22E3-4112-AACB-8366C6E71E2A}.Release|Any CPU.Build.0 = Release|Any CPU
	EndGlobalSection
	GlobalSection(SolutionProperties) = preSolution
		HideSolutionNode = FALSE
	EndGlobalSection
	GlobalSection(ExtensibilityGlobals) = postSolution
		SolutionGuid = {1BE110B0-C779-4DC5-B72E-870CCBA53037}
	EndGlobalSection
EndGlobal
